github.com/demartinom/link v1.0.1 h1:cH0RxmYTnYGRkYRofZdjktUt3JfQamf+hQ9YfPHHhzE=
github.com/demartinom/link v1.0.1/go.mod h1:LH/V9ydv6m1AHfi3oRNlfg8qqJzgPRa9B+AYBfZ8lzU=
github.com/demartinom/link v1.0.2 h1:aONoBkQEarQ1Eu9i04OhJsZtgc3Ap5LSWM1SQp9Vrw8=
github.com/demartinom/link v1.0.2/go.mod h1:LH/V9ydv6m1AHfi3oRNlfg8qqJzgPRa9B+AYBfZ8lzU=
golang.org/x/net v0.29.0 h1:5ORfpBpCs4HzDYoodCDBbwHzdR5UrLBZ3sOnUJmFoHo=
golang.org/x/net v0.29.0/go.mod h1:gLkgy8jTGERgjzMic6DS9+SP0ajcu6Xu3Orq/SpETg0=
